
Microsoft Visual Studio Solution File, Format Version 12.00
# Visual Studio Version 17
VisualStudioVersion = 17.5.002.0
MinimumVisualStudioVersion = 10.0.40219.1
Project("{9A19103F-16F7-4668-BE54-9A1E7A4F7556}") = "FtpBackup", "FtpBackup.csproj", "{C5E9A9A6-737C-4A68-A088-7033E71F5253}"
EndProject
Global
	GlobalSection(SolutionConfigurationPlatforms) = preSolution
		Debug|Any CPU = Debug|Any CPU
		Release|Any CPU = Release|Any CPU
	EndGlobalSection
	GlobalSection(ProjectConfigurationPlatforms) = postSolution
		{C5E9A9A6-737C-4A68-A088-7033E71F5253}.Debug|Any CPU.ActiveCfg = Debug|Any CPU
		{C5E9A9A6-737C-4A68-A088-7033E71F5253}.Debug|Any CPU.Build.0 = Debug|Any CPU
		{C5E9A9A6-737C-4A68-A088-7033E71F5253}.Release|Any CPU.ActiveCfg = Release|Any CPU
		{C5E9A9A6-737C-4A68-A088-7033E71F5253}.Release|Any CPU.Build.0 = Release|Any CPU
	EndGlobalSection
	GlobalSection(SolutionProperties) = preSolution
		HideSolutionNode = FALSE
	EndGlobalSection
	GlobalSection(ExtensibilityGlobals) = postSolution
		SolutionGuid = {73335A48-FF08-4C24-A69F-BB65ED3897DE}
	EndGlobalSection
EndGlobal
